{
    "_readme": [
        "This file locks the dependencies of your project to a known state",
        "Read more about it at https://getcomposer.org/doc/01-basic-usage.md#installing-dependencies",
        "This file is @generated automatically"
    ],
    "content-hash": "8f8d13311fd3b96114f3178e62a15666",
    "packages": [],
    "packages-dev": [],
    "aliases": [],
    "minimum-stability": "stable",
    "stability-flags": [],
    "prefer-stable": false,
    "prefer-lowest": false,
    "platform": {
        "ext-gd": "*",
        "ext-intl": "*",
        "ext-pdo": "*",
        "ext-pdo_mysql": "*",
        "ext-zip": "*"
    },
    "platform-dev": {
        "ext-xdebug": "*"
    },
    "platform-overrides": {
        "php": "7.4.10"
    },
    "plugin-api-version": "1.1.0"
}
